
Microsoft Visual Studio Solution File, Format Version 12.00
# Visual Studio Version 16
VisualStudioVersion = 16.0.28729.10
MinimumVisualStudioVersion = 10.0.40219.1
Project("{FAE04EC0-301F-11D3-BF4B-00C04F79EFBC}") = "FootballMatches", "FootballMatches\FootballMatches.csproj", "{F157104F-0E07-4071-9C4B-A88CE09CB1FA}"
EndProject
Project("{FAE04EC0-301F-11D3-BF4B-00C04F79EFBC}") = "FootballMatchesTest", "FootballMatchesTest\FootballMatchesTest.csproj", "{820C56E8-4135-4FEB-9D81-8C0444A623C5}"
EndProject
Project("{FAE04EC0-301F-11D3-BF4B-00C04F79EFBC}") = "FootballLib", "FootballLib\FootballLib.csproj", "{354A2775-7D7B-432C-A0D8-496EB171F5C3}"
EndProject
Global
	GlobalSection(SolutionConfigurationPlatforms) = preSolution
		Debug|Any CPU = Debug|Any CPU
		Release|Any CPU = Release|Any CPU
	EndGlobalSection
	GlobalSection(ProjectConfigurationPlatforms) = postSolution
		{F157104F-0E07-4071-9C4B-A88CE09CB1FA}.Debug|Any CPU.ActiveCfg = Debug|Any CPU
		{F157104F-0E07-4071-9C4B-A88CE09CB1FA}.Debug|Any CPU.Build.0 = Debug|Any CPU
		{F157104F-0E07-4071-9C4B-A88CE09CB1FA}.Release|Any CPU.ActiveCfg = Release|Any CPU
		{F157104F-0E07-4071-9C4B-A88CE09CB1FA}.Release|Any CPU.Build.0 = Release|Any CPU
		{820C56E8-4135-4FEB-9D81-8C0444A623C5}.Debug|Any CPU.ActiveCfg = Debug|Any CPU
		{820C56E8-4135-4FEB-9D81-8C0444A623C5}.Debug|Any CPU.Build.0 = Debug|Any CPU
		{820C56E8-4135-4FEB-9D81-8C0444A623C5}.Release|Any CPU.ActiveCfg = Release|Any CPU
		{820C56E8-4135-4FEB-9D81-8C0444A623C5}.Release|Any CPU.Build.0 = Release|Any CPU
		{354A2775-7D7B-432C-A0D8-496EB171F5C3}.Debug|Any CPU.ActiveCfg = Debug|Any CPU
		{354A2775-7D7B-432C-A0D8-496EB171F5C3}.Debug|Any CPU.Build.0 = Debug|Any CPU
		{354A2775-7D7B-432C-A0D8-496EB171F5C3}.Release|Any CPU.ActiveCfg = Release|Any CPU
		{354A2775-7D7B-432C-A0D8-496EB171F5C3}.Release|Any CPU.Build.0 = Release|Any CPU
	EndGlobalSection
	GlobalSection(SolutionProperties) = preSolution
		HideSolutionNode = FALSE
	EndGlobalSection
	GlobalSection(ExtensibilityGlobals) = postSolution
		SolutionGuid = {0EE74174-DBB8-4005-A76B-F695957CC2AF}
	EndGlobalSection
EndGlobal
